
Microsoft Visual Studio Solution File, Format Version 12.00
# Visual Studio Version 16
VisualStudioVersion = 16.0.31105.61
MinimumVisualStudioVersion = 10.0.40219.1
Project("{FAE04EC0-301F-11D3-BF4B-00C04F79EFBC}") = "Sales", "Sales\Sales.csproj", "{F529C479-7819-43B3-90FD-6E84B0A48335}"
EndProject
Global
	GlobalSection(SolutionConfigurationPlatforms) = preSolution
		Debug|Any CPU = Debug|Any CPU
		Release|Any CPU = Release|Any CPU
	EndGlobalSection
	GlobalSection(ProjectConfigurationPlatforms) = postSolution
		{F529C479-7819-43B3-90FD-6E84B0A48335}.Debug|Any CPU.ActiveCfg = Debug|Any CPU
		{F529C479-7819-43B3-90FD-6E84B0A48335}.Debug|Any CPU.Build.0 = Debug|Any CPU
		{F529C479-7819-43B3-90FD-6E84B0A48335}.Release|Any CPU.ActiveCfg = Release|Any CPU
		{F529C479-7819-43B3-90FD-6E84B0A48335}.Release|Any CPU.Build.0 = Release|Any CPU
	EndGlobalSection
	GlobalSection(SolutionProperties) = preSolution
		HideSolutionNode = FALSE
	EndGlobalSection
	GlobalSection(ExtensibilityGlobals) = postSolution
		SolutionGuid = {FBE4D421-1EBC-4D85-8CC6-A5E12C0246E1}
	EndGlobalSection
EndGlobal
